
Microsoft Visual Studio Solution File, Format Version 12.00
# Visual Studio Version 16
VisualStudioVersion = 16.0.31424.327
MinimumVisualStudioVersion = 10.0.40219.1
Project("{FAE04EC0-301F-11D3-BF4B-00C04F79EFBC}") = "Mandelbrot", "Mandelbrot\Mandelbrot.csproj", "{82C13251-A424-4A28-B5F7-28145F9F0454}"
EndProject
Global
	GlobalSection(SolutionConfigurationPlatforms) = preSolution
		Debug|Any CPU = Debug|Any CPU
		Release|Any CPU = Release|Any CPU
	EndGlobalSection
	GlobalSection(ProjectConfigurationPlatforms) = postSolution
		{82C13251-A424-4A28-B5F7-28145F9F0454}.Debug|Any CPU.ActiveCfg = Debug|Any CPU
		{82C13251-A424-4A28-B5F7-28145F9F0454}.Debug|Any CPU.Build.0 = Debug|Any CPU
		{82C13251-A424-4A28-B5F7-28145F9F0454}.Release|Any CPU.ActiveCfg = Release|Any CPU
		{82C13251-A424-4A28-B5F7-28145F9F0454}.Release|Any CPU.Build.0 = Release|Any CPU
	EndGlobalSection
	GlobalSection(SolutionProperties) = preSolution
		HideSolutionNode = FALSE
	EndGlobalSection
	GlobalSection(ExtensibilityGlobals) = postSolution
		SolutionGuid = {552AC874-1973-4BB9-9F9D-D2D0C81228DC}
	EndGlobalSection
EndGlobal
